// !$*UTF8*$!
{
	archiveVersion = 1;
	classes = {
	};
	objectVersion = 46;
	objects = {

/* Begin PBXBuildFile section */
		510BB9CE1B06478C009D8585 /* BallOk.png in Resources */ = {isa = PBXBuildFile; fileRef = 510BB9CD1B06478C009D8585 /* BallOk.png */; };
		510BB9D31B064BB5009D8585 /* Space.png in Resources */ = {isa = PBXBuildFile; fileRef = 510BB9D11B064BB5009D8585 /* Space.png */; };
		510BB9D61B064C67009D8585 /* Galaxy.png in Resources */ = {isa = PBXBuildFile; fileRef = 510BB9D51B064C67009D8585 /* Galaxy.png */; };
		510BB9D81B068B8B009D8585 /* MilkyWay.png in Resources */ = {isa = PBXBuildFile; fileRef = 510BB9D71B068B8B009D8585 /* MilkyWay.png */; };
		510BB9DC1B069239009D8585 /* Window.png in Resources */ = {isa = PBXBuildFile; fileRef = 510BB9DB1B069239009D8585 /* Window.png */; };
		510BB9DE1B06A92D009D8585 /* LoadImage.png in Resources */ = {isa = PBXBuildFile; fileRef = 510BB9DD1B06A92D009D8585 /* LoadImage.png */; };
		510BB9E41B06B1AD009D8585 /* Space2.png in Resources */ = {isa = PBXBuildFile; fileRef = 510BB9E11B06B1AD009D8585 /* Space2.png */; };
		510BB9E61B06B1AD009D8585 /* Puronmedra.png in Resources */ = {isa = PBXBuildFile; fileRef = 510BB9E31B06B1AD009D8585 /* Puronmedra.png */; };
		510BB9EC1B06B93A009D8585 /* Space3.png in Resources */ = {isa = PBXBuildFile; fileRef = 510BB9E91B06B93A009D8585 /* Space3.png */; };
		510BB9EE1B06B93A009D8585 /* Galaxy3.png in Resources */ = {isa = PBXBuildFile; fileRef = 510BB9EB1B06B93A009D8585 /* Galaxy3.png */; };
		510BB9F01B06B9C9009D8585 /* LostGalaxy.png in Resources */ = {isa = PBXBuildFile; fileRef = 510BB9EF1B06B9C9009D8585 /* LostGalaxy.png */; };
		512DB5781B129472001FBDDD /* Explosion.mp3 in Resources */ = {isa = PBXBuildFile; fileRef = 512DB5721B129472001FBDDD /* Explosion.mp3 */; };
		512DB5791B129472001FBDDD /* Meteor.wav in Resources */ = {isa = PBXBuildFile; fileRef = 512DB5731B129472001FBDDD /* Meteor.wav */; };
		512DB57A1B129472001FBDDD /* Vanish.aif in Resources */ = {isa = PBXBuildFile; fileRef = 512DB5741B129472001FBDDD /* Vanish.aif */; };
		512DB5831B12A067001FBDDD /* Sattelite.mp3 in Resources */ = {isa = PBXBuildFile; fileRef = 512DB5801B12A067001FBDDD /* Sattelite.mp3 */; };
		512DB5841B12A067001FBDDD /* Star.wav in Resources */ = {isa = PBXBuildFile; fileRef = 512DB5811B12A067001FBDDD /* Star.wav */; };
		512DB5851B12A067001FBDDD /* Restart.wav in Resources */ = {isa = PBXBuildFile; fileRef = 512DB5821B12A067001FBDDD /* Restart.wav */; };
		5134AC911AFD335300A957DF /* FrontBG.png in Resources */ = {isa = PBXBuildFile; fileRef = 5134AC901AFD335300A957DF /* FrontBG.png */; };
		5134AC931AFD34B000A957DF /* BackBG.png in Resources */ = {isa = PBXBuildFile; fileRef = 5134AC921AFD34B000A957DF /* BackBG.png */; };
		5134AC9E1AFD3BBC00A957DF /* restart_button.png in Resources */ = {isa = PBXBuildFile; fileRef = 5134AC9C1AFD3BBC00A957DF /* restart_button.png */; };
		5134AC9F1AFD3BBC00A957DF /* back_button.png in Resources */ = {isa = PBXBuildFile; fileRef = 5134AC9D1AFD3BBC00A957DF /* back_button.png */; };
		51361BCF1B0504D600630F5B /* WallBG.png in Resources */ = {isa = PBXBuildFile; fileRef = 51361BCE1B0504D600630F5B /* WallBG.png */; };
		51361BD21B05107C00630F5B /* NewGameScreen.png in Resources */ = {isa = PBXBuildFile; fileRef = 51361BD01B05107C00630F5B /* NewGameScreen.png */; };
		51361BD51B05130800630F5B /* NewWall.png in Resources */ = {isa = PBXBuildFile; fileRef = 51361BD41B05130800630F5B /* NewWall.png */; };
		513623211B0BC67800C37498 /* Galaxy2.png in Resources */ = {isa = PBXBuildFile; fileRef = 513623201B0BC67800C37498 /* Galaxy2.png */; };
		513623231B0BD04100C37498 /* SelectGalaxy.png in Resources */ = {isa = PBXBuildFile; fileRef = 513623221B0BD04100C37498 /* SelectGalaxy.png */; };
		513994A71B0F9214003C408C /* Radioactive.png in Resources */ = {isa = PBXBuildFile; fileRef = 513994A61B0F9214003C408C /* Radioactive.png */; };
		513994AB1B0FB0D7003C408C /* Star.png in Resources */ = {isa = PBXBuildFile; fileRef = 513994AA1B0FB0D7003C408C /* Star.png */; };
		513994BE1B0FC06D003C408C /* Anim4.png in Resources */ = {isa = PBXBuildFile; fileRef = 513994BA1B0FC06D003C408C /* Anim4.png */; };
		513994BF1B0FC06D003C408C /* Anim3.png in Resources */ = {isa = PBXBuildFile; fileRef = 513994BB1B0FC06D003C408C /* Anim3.png */; };
		513994C11B0FC06D003C408C /* Anim1.png in Resources */ = {isa = PBXBuildFile; fileRef = 513994BD1B0FC06D003C408C /* Anim1.png */; };
		513994C31B0FC0C9003C408C /* Anim2.png in Resources */ = {isa = PBXBuildFile; fileRef = 513994C21B0FC0C9003C408C /* Anim2.png */; };
		513994C51B10D96F003C408C /* novaLista.plist in Resources */ = {isa = PBXBuildFile; fileRef = 513994C41B10D96F003C408C /* novaLista.plist */; };
		513994CC1B10E2EC003C408C /* NoMusicButton.png in Resources */ = {isa = PBXBuildFile; fileRef = 513994C61B10E2EC003C408C /* NoMusicButton.png */; };
		513994CD1B10E2EC003C408C /* NoAudioButton.png in Resources */ = {isa = PBXBuildFile; fileRef = 513994C71B10E2EC003C408C /* NoAudioButton.png */; };
		513994CE1B10E2EC003C408C /* MusicButton.png in Resources */ = {isa = PBXBuildFile; fileRef = 513994C81B10E2EC003C408C /* MusicButton.png */; };
		513994CF1B10E2EC003C408C /* AudioButton.png in Resources */ = {isa = PBXBuildFile; fileRef = 513994C91B10E2EC003C408C /* AudioButton.png */; };
		513994D01B10E2EC003C408C /* CreditButton.png in Resources */ = {isa = PBXBuildFile; fileRef = 513994CA1B10E2EC003C408C /* CreditButton.png */; };
		513994D11B10E2EC003C408C /* PlayButton.png in Resources */ = {isa = PBXBuildFile; fileRef = 513994CB1B10E2EC003C408C /* PlayButton.png */; };
		513994D71B10FA9E003C408C /* CreditsScene.swift in Sources */ = {isa = PBXBuildFile; fileRef = 513994D61B10FA9E003C408C /* CreditsScene.swift */; };
		513994D91B10FFF7003C408C /* Credits.png in Resources */ = {isa = PBXBuildFile; fileRef = 513994D81B10FFF7003C408C /* Credits.png */; };
		514862D01AF693AF00F77444 /* charge.wav in Resources */ = {isa = PBXBuildFile; fileRef = 514862CF1AF693AF00F77444 /* charge.wav */; };
		514862DA1AF6AE9100F77444 /* ok.aif in Resources */ = {isa = PBXBuildFile; fileRef = 514862D91AF6AE9100F77444 /* ok.aif */; };
		515B1B371B0E8EDA00E55D0D /* GhostObject.swift in Sources */ = {isa = PBXBuildFile; fileRef = 515B1B361B0E8EDA00E55D0D /* GhostObject.swift */; };
		515B1B391B0E90C700E55D0D /* MovingObject.swift in Sources */ = {isa = PBXBuildFile; fileRef = 515B1B381B0E90C700E55D0D /* MovingObject.swift */; };
		515B1B3F1B0E952400E55D0D /* InitBG.png in Resources */ = {isa = PBXBuildFile; fileRef = 515B1B3E1B0E952400E55D0D /* InitBG.png */; };
		516EF91A1AF56B1D00A356CE /* AppDelegate.swift in Sources */ = {isa = PBXBuildFile; fileRef = 516EF9191AF56B1D00A356CE /* AppDelegate.swift */; };
		516EF91E1AF56B1D00A356CE /* GameScene.swift in Sources */ = {isa = PBXBuildFile; fileRef = 516EF91D1AF56B1D00A356CE /* GameScene.swift */; };
		516EF9201AF56B1D00A356CE /* GameViewController.swift in Sources */ = {isa = PBXBuildFile; fileRef = 516EF91F1AF56B1D00A356CE /* GameViewController.swift */; };
		516EF9231AF56B1D00A356CE /* Main.storyboard in Resources */ = {isa = PBXBuildFile; fileRef = 516EF9211AF56B1D00A356CE /* Main.storyboard */; };
		516EF9251AF56B1D00A356CE /* Images.xcassets in Resources */ = {isa = PBXBuildFile; fileRef = 516EF9241AF56B1D00A356CE /* Images.xcassets */; };
		516EF9281AF56B1D00A356CE /* LaunchScreen.xib in Resources */ = {isa = PBXBuildFile; fileRef = 516EF9261AF56B1D00A356CE /* LaunchScreen.xib */; };
		516EF9341AF56B1D00A356CE /* PuririnTests.swift in Sources */ = {isa = PBXBuildFile; fileRef = 516EF9331AF56B1D00A356CE /* PuririnTests.swift */; };
		516EF94C1AF5FA9500A356CE /* StartScreen.swift in Sources */ = {isa = PBXBuildFile; fileRef = 516EF94B1AF5FA9500A356CE /* StartScreen.swift */; };
		517207981AF5FE9E00702425 /* Barrier.png in Resources */ = {isa = PBXBuildFile; fileRef = 517207961AF5FE9E00702425 /* Barrier.png */; };
		5172079F1AF602C200702425 /* Vortex.png in Resources */ = {isa = PBXBuildFile; fileRef = 5172079E1AF602C200702425 /* Vortex.png */; };
		517207A31AF603F900702425 /* UserLevel.swift in Sources */ = {isa = PBXBuildFile; fileRef = 517207A21AF603F900702425 /* UserLevel.swift */; };
		5187D5D11B08F49C00827CE0 /* WallBG3.png in Resources */ = {isa = PBXBuildFile; fileRef = 5187D5D01B08F49C00827CE0 /* WallBG3.png */; };
		5187D5D61B08F5F100827CE0 /* BackBG3.png in Resources */ = {isa = PBXBuildFile; fileRef = 5187D5D21B08F5F100827CE0 /* BackBG3.png */; };
		5187D5D81B08F5F100827CE0 /* FrontBG2.png in Resources */ = {isa = PBXBuildFile; fileRef = 5187D5D41B08F5F100827CE0 /* FrontBG2.png */; };
		5187D5D91B08F5F100827CE0 /* BackBG2.png in Resources */ = {isa = PBXBuildFile; fileRef = 5187D5D51B08F5F100827CE0 /* BackBG2.png */; };
		5187D5DB1B08F62500827CE0 /* FrontBG3.png in Resources */ = {isa = PBXBuildFile; fileRef = 5187D5DA1B08F62500827CE0 /* FrontBG3.png */; };
		5187D5DD1B08F83100827CE0 /* WallBG2.png in Resources */ = {isa = PBXBuildFile; fileRef = 5187D5DC1B08F83100827CE0 /* WallBG2.png */; };
		51A8E9171B16061A001F24DC /* RateButton.png in Resources */ = {isa = PBXBuildFile; fileRef = 51A8E9161B16061A001F24DC /* RateButton.png */; };
		51C926211AF6BBAA00196318 /* Trail.sks in Resources */ = {isa = PBXBuildFile; fileRef = 51C926201AF6BBAA00196318 /* Trail.sks */; };
		51CD650C1AF68EB3009EA518 /* bounce.wav in Resources */ = {isa = PBXBuildFile; fileRef = 51CD650B1AF68EB3009EA518 /* bounce.wav */; };
		51CD650E1AF69055009EA518 /* shot.wav in Resources */ = {isa = PBXBuildFile; fileRef = 51CD650D1AF69055009EA518 /* shot.wav */; };
		51D4F5041B0CC36E002D9B1B /* Wat.png in Resources */ = {isa = PBXBuildFile; fileRef = 51D4F5031B0CC36E002D9B1B /* Wat.png */; };
		51D4F5061B0CECA4002D9B1B /* PuririnTheme.mp3 in Resources */ = {isa = PBXBuildFile; fileRef = 51D4F5051B0CECA4002D9B1B /* PuririnTheme.mp3 */; };
		51D4F50A1B0D49D4002D9B1B /* Preload.swift in Sources */ = {isa = PBXBuildFile; fileRef = 51D4F5091B0D49D4002D9B1B /* Preload.swift */; };
		51DD09E81AF65B1A00FE4DD7 /* vortex.aiff in Resources */ = {isa = PBXBuildFile; fileRef = 51DD09E71AF65B1A00FE4DD7 /* vortex.aiff */; };
		51E0B6321B0F7935002BEF01 /* Window0.png in Resources */ = {isa = PBXBuildFile; fileRef = 51E0B62E1B0F7935002BEF01 /* Window0.png */; };
		51E0B6331B0F7935002BEF01 /* Window1.png in Resources */ = {isa = PBXBuildFile; fileRef = 51E0B62F1B0F7935002BEF01 /* Window1.png */; };
		51E0B6341B0F7935002BEF01 /* Window2.png in Resources */ = {isa = PBXBuildFile; fileRef = 51E0B6301B0F7935002BEF01 /* Window2.png */; };
		51E0B6351B0F7935002BEF01 /* Window3.png in Resources */ = {isa = PBXBuildFile; fileRef = 51E0B6311B0F7935002BEF01 /* Window3.png */; };
		51E0B6391B0F7C96002BEF01 /* Sattelite.png in Resources */ = {isa = PBXBuildFile; fileRef = 51E0B6381B0F7C96002BEF01 /* Sattelite.png */; };
		51E0B63D1B0F7DE8002BEF01 /* Asteroid.png in Resources */ = {isa = PBXBuildFile; fileRef = 51E0B63C1B0F7DE8002BEF01 /* Asteroid.png */; };
		51E0B63F1B0F7F34002BEF01 /* MAsteroid.png in Resources */ = {isa = PBXBuildFile; fileRef = 51E0B63E1B0F7F34002BEF01 /* MAsteroid.png */; };
		51E36EF91B0E2A3B0077ADB4 /* Star3.png in Resources */ = {isa = PBXBuildFile; fileRef = 51E36EF51B0E2A3B0077ADB4 /* Star3.png */; };
		51E36EFD1B0E2A8E0077ADB4 /* Star0.png in Resources */ = {isa = PBXBuildFile; fileRef = 51E36EFA1B0E2A8E0077ADB4 /* Star0.png */; };
		51E36EFE1B0E2A8E0077ADB4 /* Star1.png in Resources */ = {isa = PBXBuildFile; fileRef = 51E36EFB1B0E2A8E0077ADB4 /* Star1.png */; };
		51E36EFF1B0E2A8E0077ADB4 /* Star2.png in Resources */ = {isa = PBXBuildFile; fileRef = 51E36EFC1B0E2A8E0077ADB4 /* Star2.png */; };
		51E36F031B0E59620077ADB4 /* Star.sks in Resources */ = {isa = PBXBuildFile; fileRef = 51E36F021B0E59620077ADB4 /* Star.sks */; };
		940023EB1B0EBF7E00922A77 /* MovableObject.swift in Sources */ = {isa = PBXBuildFile; fileRef = 940023EA1B0EBF7E00922A77 /* MovableObject.swift */; };
		9405D7341B0F6BD20053B9F5 /* Explosive.swift in Sources */ = {isa = PBXBuildFile; fileRef = 9405D7331B0F6BD20053B9F5 /* Explosive.swift */; };
		941047851AF5749000683E02 /* Puririn.swift in Sources */ = {isa = PBXBuildFile; fileRef = 941047841AF5749000683E02 /* Puririn.swift */; };
		94124E291AF68A8900894A3F /* fundo_level_cleared.png in Resources */ = {isa = PBXBuildFile; fileRef = 94124E281AF68A8900894A3F /* fundo_level_cleared.png */; };
		941F0A641AF5F8D9006B13EC /* Ball.swift in Sources */ = {isa = PBXBuildFile; fileRef = 941F0A631AF5F8D9006B13EC /* Ball.swift */; };
		941F0A661AF61BD7006B13EC /* qualquerCoisa.plist in Resources */ = {isa = PBXBuildFile; fileRef = 941F0A651AF61BD7006B13EC /* qualquerCoisa.plist */; };
		94584CCE1B0F680100746BF8 /* Splash.sks in Resources */ = {isa = PBXBuildFile; fileRef = 94584CCD1B0F680100746BF8 /* Splash.sks */; };
		94C2236F1AF5BF610083873C /* Vortex.swift in Sources */ = {isa = PBXBuildFile; fileRef = 94C2236E1AF5BF610083873C /* Vortex.swift */; };
		94C223711AF5C9D30083873C /* CleanPuririn.swift in Sources */ = {isa = PBXBuildFile; fileRef = 94C223701AF5C9D30083873C /* CleanPuririn.swift */; };
		94C223731AF5DDDA0083873C /* Star.swift in Sources */ = {isa = PBXBuildFile; fileRef = 94C223721AF5DDDA0083873C /* Star.swift */; };
		94C223751AF5E6FD0083873C /* completeWindow.swift in Sources */ = {isa = PBXBuildFile; fileRef = 94C223741AF5E6FD0083873C /* completeWindow.swift */; };
		94D93DFB1B0F63F100BB0CC4 /* Explosion.sks in Resources */ = {isa = PBXBuildFile; fileRef = 94D93DFA1B0F63F100BB0CC4 /* Explosion.sks */; };
		94FB5C311AF586AD000B99F9 /* spark.png in Resources */ = {isa = PBXBuildFile; fileRef = 94FB5C2F1AF586AD000B99F9 /* spark.png */; };
		94FB5C331AF58D33000B99F9 /* puririn.png in Resources */ = {isa = PBXBuildFile; fileRef = 94FB5C321AF58D33000B99F9 /* puririn.png */; };
		94FB5C351AF5AC8B000B99F9 /* LevelSelector.swift in Sources */ = {isa = PBXBuildFile; fileRef = 94FB5C341AF5AC8B000B99F9 /* LevelSelector.swift */; };
		94FB5C371AF5AFF1000B99F9 /* LevelMatrixes.swift in Sources */ = {isa = PBXBuildFile; fileRef = 94FB5C361AF5AFF1000B99F9 /* LevelMatrixes.swift */; };
/* End PBXBuildFile section */

/* Begin PBXContainerItemProxy section */
		516EF92E1AF56B1D00A356CE /* PBXContainerItemProxy */ = {
			isa = PBXContainerItemProxy;
			containerPortal = 516EF90C1AF56B1D00A356CE /* Project object */;
			proxyType = 1;
			remoteGlobalIDString = 516EF9131AF56B1D00A356CE;
			remoteInfo = Puririn;
		};
/* End PBXContainerItemProxy section */

/* Begin PBXFileReference section */
		510BB9CD1B06478C009D8585 /* BallOk.png */ = {isa = PBXFileReference; lastKnownFileType = image.png; path = BallOk.png; sourceTree = "<group>"; };
		510BB9D11B064BB5009D8585 /* Space.png */ = {isa = PBXFileReference; lastKnownFileType = image.png; path = Space.png; sourceTree = "<group>"; };
		510BB9D51B064C67009D8585 /* Galaxy.png */ = {isa = PBXFileReference; lastKnownFileType = image.png; path = Galaxy.png; sourceTree = "<group>"; };
		510BB9D71B068B8B009D8585 /* MilkyWay.png */ = {isa = PBXFileReference; lastKnownFileType = image.png; path = MilkyWay.png; sourceTree = "<group>"; };
		510BB9DB1B069239009D8585 /* Window.png */ = {isa = PBXFileReference; lastKnownFileType = image.png; path = Window.png; sourceTree = "<group>"; };
		510BB9DD1B06A92D009D8585 /* LoadImage.png */ = {isa = PBXFileReference; lastKnownFileType = image.png; path = LoadImage.png; sourceTree = "<group>"; };
		510BB9E11B06B1AD009D8585 /* Space2.png */ = {isa = PBXFileReference; lastKnownFileType = image.png; path = Space2.png; sourceTree = "<group>"; };
		510BB9E31B06B1AD009D8585 /* Puronmedra.png */ = {isa = PBXFileReference; lastKnownFileType = image.png; path = Puronmedra.png; sourceTree = "<group>"; };
		510BB9E91B06B93A009D8585 /* Space3.png */ = {isa = PBXFileReference; lastKnownFileType = image.png; path = Space3.png; sourceTree = "<group>"; };
		510BB9EB1B06B93A009D8585 /* Galaxy3.png */ = {isa = PBXFileReference; lastKnownFileType = image.png; path = Galaxy3.png; sourceTree = "<group>"; };
		510BB9EF1B06B9C9009D8585 /* LostGalaxy.png */ = {isa = PBXFileReference; lastKnownFileType = image.png; path = LostGalaxy.png; sourceTree = "<group>"; };
		512DB5721B129472001FBDDD /* Explosion.mp3 */ = {isa = PBXFileReference; lastKnownFileType = audio.mp3; path = Explosion.mp3; sourceTree = "<group>"; };
		512DB5731B129472001FBDDD /* Meteor.wav */ = {isa = PBXFileReference; lastKnownFileType = audio.wav; path = Meteor.wav; sourceTree = "<group>"; };
		512DB5741B129472001FBDDD /* Vanish.aif */ = {isa = PBXFileReference; lastKnownFileType = file; path = Vanish.aif; sourceTree = "<group>"; };
		512DB5801B12A067001FBDDD /* Sattelite.mp3 */ = {isa = PBXFileReference; lastKnownFileType = audio.mp3; path = Sattelite.mp3; sourceTree = "<group>"; };
		512DB5811B12A067001FBDDD /* Star.wav */ = {isa = PBXFileReference; lastKnownFileType = audio.wav; path = Star.wav; sourceTree = "<group>"; };
		512DB5821B12A067001FBDDD /* Restart.wav */ = {isa = PBXFileReference; lastKnownFileType = audio.wav; path = Restart.wav; sourceTree = "<group>"; };
		5134AC901AFD335300A957DF /* FrontBG.png */ = {isa = PBXFileReference; lastKnownFileType = image.png; path = FrontBG.png; sourceTree = "<group>"; };
		5134AC921AFD34B000A957DF /* BackBG.png */ = {isa = PBXFileReference; lastKnownFileType = image.png; path = BackBG.png; sourceTree = "<group>"; };
		5134AC9C1AFD3BBC00A957DF /* restart_button.png */ = {isa = PBXFileReference; lastKnownFileType = image.png; path = restart_button.png; sourceTree = "<group>"; };
		5134AC9D1AFD3BBC00A957DF /* back_button.png */ = {isa = PBXFileReference; lastKnownFileType = image.png; path = back_button.png; sourceTree = "<group>"; };
		51361BCE1B0504D600630F5B /* WallBG.png */ = {isa = PBXFileReference; lastKnownFileType = image.png; path = WallBG.png; sourceTree = "<group>"; };
		51361BD01B05107C00630F5B /* NewGameScreen.png */ = {isa = PBXFileReference; lastKnownFileType = image.png; path = NewGameScreen.png; sourceTree = "<group>"; };
		51361BD41B05130800630F5B /* NewWall.png */ = {isa = PBXFileReference; lastKnownFileType = image.png; path = NewWall.png; sourceTree = "<group>"; };
		513623201B0BC67800C37498 /* Galaxy2.png */ = {isa = PBXFileReference; lastKnownFileType = image.png; path = Galaxy2.png; sourceTree = "<group>"; };
		513623221B0BD04100C37498 /* SelectGalaxy.png */ = {isa = PBXFileReference; lastKnownFileType = image.png; path = SelectGalaxy.png; sourceTree = "<group>"; };
		513994A61B0F9214003C408C /* Radioactive.png */ = {isa = PBXFileReference; lastKnownFileType = image.png; path = Radioactive.png; sourceTree = "<group>"; };
		513994AA1B0FB0D7003C408C /* Star.png */ = {isa = PBXFileReference; lastKnownFileType = image.png; path = Star.png; sourceTree = "<group>"; };
		513994BA1B0FC06D003C408C /* Anim4.png */ = {isa = PBXFileReference; lastKnownFileType = image.png; path = Anim4.png; sourceTree = "<group>"; };
		513994BB1B0FC06D003C408C /* Anim3.png */ = {isa = PBXFileReference; lastKnownFileType = image.png; path = Anim3.png; sourceTree = "<group>"; };
		513994BD1B0FC06D003C408C /* Anim1.png */ = {isa = PBXFileReference; lastKnownFileType = image.png; path = Anim1.png; sourceTree = "<group>"; };
		513994C21B0FC0C9003C408C /* Anim2.png */ = {isa = PBXFileReference; lastKnownFileType = image.png; path = Anim2.png; sourceTree = "<group>"; };
		513994C41B10D96F003C408C /* novaLista.plist */ = {isa = PBXFileReference; fileEncoding = 4; lastKnownFileType = text.plist.xml; path = novaLista.plist; sourceTree = "<group>"; };
		513994C61B10E2EC003C408C /* NoMusicButton.png */ = {isa = PBXFileReference; lastKnownFileType = image.png; path = NoMusicButton.png; sourceTree = "<group>"; };
		513994C71B10E2EC003C408C /* NoAudioButton.png */ = {isa = PBXFileReference; lastKnownFileType = image.png; path = NoAudioButton.png; sourceTree = "<group>"; };
		513994C81B10E2EC003C408C /* MusicButton.png */ = {isa = PBXFileReference; lastKnownFileType = image.png; path = MusicButton.png; sourceTree = "<group>"; };
		513994C91B10E2EC003C408C /* AudioButton.png */ = {isa = PBXFileReference; lastKnownFileType = image.png; path = AudioButton.png; sourceTree = "<group>"; };
		513994CA1B10E2EC003C408C /* CreditButton.png */ = {isa = PBXFileReference; lastKnownFileType = image.png; path = CreditButton.png; sourceTree = "<group>"; };
		513994CB1B10E2EC003C408C /* PlayButton.png */ = {isa = PBXFileReference; lastKnownFileType = image.png; path = PlayButton.png; sourceTree = "<group>"; };
		513994D61B10FA9E003C408C /* CreditsScene.swift */ = {isa = PBXFileReference; fileEncoding = 4; lastKnownFileType = sourcecode.swift; path = CreditsScene.swift; sourceTree = "<group>"; };
		513994D81B10FFF7003C408C /* Credits.png */ = {isa = PBXFileReference; lastKnownFileType = image.png; path = Credits.png; sourceTree = "<group>"; };
		514862CF1AF693AF00F77444 /* charge.wav */ = {isa = PBXFileReference; lastKnownFileType = audio.wav; path = charge.wav; sourceTree = "<group>"; };
		514862D91AF6AE9100F77444 /* ok.aif */ = {isa = PBXFileReference; lastKnownFileType = file; path = ok.aif; sourceTree = "<group>"; };
		515B1B361B0E8EDA00E55D0D /* GhostObject.swift */ = {isa = PBXFileReference; fileEncoding = 4; lastKnownFileType = sourcecode.swift; path = GhostObject.swift; sourceTree = "<group>"; };
		515B1B381B0E90C700E55D0D /* MovingObject.swift */ = {isa = PBXFileReference; fileEncoding = 4; lastKnownFileType = sourcecode.swift; path = MovingObject.swift; sourceTree = "<group>"; };
		515B1B3E1B0E952400E55D0D /* InitBG.png */ = {isa = PBXFileReference; lastKnownFileType = image.png; path = InitBG.png; sourceTree = "<group>"; };
		516EF9141AF56B1D00A356CE /* Puririn.app */ = {isa = PBXFileReference; explicitFileType = wrapper.application; includeInIndex = 0; path = Puririn.app; sourceTree = BUILT_PRODUCTS_DIR; };
		516EF9181AF56B1D00A356CE /* Info.plist */ = {isa = PBXFileReference; lastKnownFileType = text.plist.xml; path = Info.plist; sourceTree = "<group>"; };
		516EF9191AF56B1D00A356CE /* AppDelegate.swift */ = {isa = PBXFileReference; lastKnownFileType = sourcecode.swift; path = AppDelegate.swift; sourceTree = "<group>"; };
		516EF91D1AF56B1D00A356CE /* GameScene.swift */ = {isa = PBXFileReference; lastKnownFileType = sourcecode.swift; path = GameScene.swift; sourceTree = "<group>"; };
		516EF91F1AF56B1D00A356CE /* GameViewController.swift */ = {isa = PBXFileReference; lastKnownFileType = sourcecode.swift; path = GameViewController.swift; sourceTree = "<group>"; };
		516EF9221AF56B1D00A356CE /* Base */ = {isa = PBXFileReference; lastKnownFileType = file.storyboard; name = Base; path = Base.lproj/Main.storyboard; sourceTree = "<group>"; };
		516EF9241AF56B1D00A356CE /* Images.xcassets */ = {isa = PBXFileReference; lastKnownFileType = folder.assetcatalog; path = Images.xcassets; sourceTree = "<group>"; };
		516EF9271AF56B1D00A356CE /* Base */ = {isa = PBXFileReference; lastKnownFileType = file.xib; name = Base; path = Base.lproj/LaunchScreen.xib; sourceTree = "<group>"; };
		516EF92D1AF56B1D00A356CE /* PuririnTests.xctest */ = {isa = PBXFileReference; explicitFileType = wrapper.cfbundle; includeInIndex = 0; path = PuririnTests.xctest; sourceTree = BUILT_PRODUCTS_DIR; };
		516EF9321AF56B1D00A356CE /* Info.plist */ = {isa = PBXFileReference; lastKnownFileType = text.plist.xml; path = Info.plist; sourceTree = "<group>"; };
		516EF9331AF56B1D00A356CE /* PuririnTests.swift */ = {isa = PBXFileReference; lastKnownFileType = sourcecode.swift; path = PuririnTests.swift; sourceTree = "<group>"; };
		516EF94B1AF5FA9500A356CE /* StartScreen.swift */ = {isa = PBXFileReference; fileEncoding = 4; lastKnownFileType = sourcecode.swift; path = StartScreen.swift; sourceTree = "<group>"; };
		517207961AF5FE9E00702425 /* Barrier.png */ = {isa = PBXFileReference; lastKnownFileType = image.png; path = Barrier.png; sourceTree = "<group>"; };
		5172079E1AF602C200702425 /* Vortex.png */ = {isa = PBXFileReference; lastKnownFileType = image.png; path = Vortex.png; sourceTree = "<group>"; };
		517207A21AF603F900702425 /* UserLevel.swift */ = {isa = PBXFileReference; fileEncoding = 4; lastKnownFileType = sourcecode.swift; path = UserLevel.swift; sourceTree = "<group>"; };
		5187D5D01B08F49C00827CE0 /* WallBG3.png */ = {isa = PBXFileReference; lastKnownFileType = image.png; path = WallBG3.png; sourceTree = "<group>"; };
		5187D5D21B08F5F100827CE0 /* BackBG3.png */ = {isa = PBXFileReference; lastKnownFileType = image.png; path = BackBG3.png; sourceTree = "<group>"; };
		5187D5D41B08F5F100827CE0 /* FrontBG2.png */ = {isa = PBXFileReference; lastKnownFileType = image.png; path = FrontBG2.png; sourceTree = "<group>"; };
		5187D5D51B08F5F100827CE0 /* BackBG2.png */ = {isa = PBXFileReference; lastKnownFileType = image.png; path = BackBG2.png; sourceTree = "<group>"; };
		5187D5DA1B08F62500827CE0 /* FrontBG3.png */ = {isa = PBXFileReference; lastKnownFileType = image.png; path = FrontBG3.png; sourceTree = "<group>"; };
		5187D5DC1B08F83100827CE0 /* WallBG2.png */ = {isa = PBXFileReference; lastKnownFileType = image.png; path = WallBG2.png; sourceTree = "<group>"; };
		51A8E9161B16061A001F24DC /* RateButton.png */ = {isa = PBXFileReference; lastKnownFileType = image.png; path = RateButton.png; sourceTree = "<group>"; };
		51C926201AF6BBAA00196318 /* Trail.sks */ = {isa = PBXFileReference; lastKnownFileType = file.sks; path = Trail.sks; sourceTree = "<group>"; };
		51CD650B1AF68EB3009EA518 /* bounce.wav */ = {isa = PBXFileReference; lastKnownFileType = audio.wav; path = bounce.wav; sourceTree = "<group>"; };
		51CD650D1AF69055009EA518 /* shot.wav */ = {isa = PBXFileReference; lastKnownFileType = audio.wav; path = shot.wav; sourceTree = "<group>"; };
		51D4F5031B0CC36E002D9B1B /* Wat.png */ = {isa = PBXFileReference; lastKnownFileType = image.png; path = Wat.png; sourceTree = "<group>"; };
		51D4F5051B0CECA4002D9B1B /* PuririnTheme.mp3 */ = {isa = PBXFileReference; lastKnownFileType = audio.mp3; path = PuririnTheme.mp3; sourceTree = "<group>"; };
		51D4F5091B0D49D4002D9B1B /* Preload.swift */ = {isa = PBXFileReference; fileEncoding = 4; lastKnownFileType = sourcecode.swift; path = Preload.swift; sourceTree = "<group>"; };
		51DD09E71AF65B1A00FE4DD7 /* vortex.aiff */ = {isa = PBXFileReference; lastKnownFileType = audio.aiff; path = vortex.aiff; sourceTree = "<group>"; };
		51E0B62E1B0F7935002BEF01 /* Window0.png */ = {isa = PBXFileReference; lastKnownFileType = image.png; path = Window0.png; sourceTree = "<group>"; };
		51E0B62F1B0F7935002BEF01 /* Window1.png */ = {isa = PBXFileReference; lastKnownFileType = image.png; path = Window1.png; sourceTree = "<group>"; };
		51E0B6301B0F7935002BEF01 /* Window2.png */ = {isa = PBXFileReference; lastKnownFileType = image.png; path = Window2.png; sourceTree = "<group>"; };
		51E0B6311B0F7935002BEF01 /* Window3.png */ = {isa = PBXFileReference; lastKnownFileType = image.png; path = Window3.png; sourceTree = "<group>"; };
		51E0B6381B0F7C96002BEF01 /* Sattelite.png */ = {isa = PBXFileReference; lastKnownFileType = image.png; path = Sattelite.png; sourceTree = "<group>"; };
		51E0B63C1B0F7DE8002BEF01 /* Asteroid.png */ = {isa = PBXFileReference; lastKnownFileType = image.png; path = Asteroid.png; sourceTree = "<group>"; };
		51E0B63E1B0F7F34002BEF01 /* MAsteroid.png */ = {isa = PBXFileReference; lastKnownFileType = image.png; path = MAsteroid.png; sourceTree = "<group>"; };
		51E36EF51B0E2A3B0077ADB4 /* Star3.png */ = {isa = PBXFileReference; lastKnownFileType = image.png; path = Star3.png; sourceTree = "<group>"; };
		51E36EFA1B0E2A8E0077ADB4 /* Star0.png */ = {isa = PBXFileReference; lastKnownFileType = image.png; path = Star0.png; sourceTree = "<group>"; };
		51E36EFB1B0E2A8E0077ADB4 /* Star1.png */ = {isa = PBXFileReference; lastKnownFileType = image.png; path = Star1.png; sourceTree = "<group>"; };
		51E36EFC1B0E2A8E0077ADB4 /* Star2.png */ = {isa = PBXFileReference; lastKnownFileType = image.png; path = Star2.png; sourceTree = "<group>"; };
		51E36F021B0E59620077ADB4 /* Star.sks */ = {isa = PBXFileReference; lastKnownFileType = file.sks; path = Star.sks; sourceTree = "<group>"; };
		940023EA1B0EBF7E00922A77 /* MovableObject.swift */ = {isa = PBXFileReference; fileEncoding = 4; lastKnownFileType = sourcecode.swift; path = MovableObject.swift; sourceTree = "<group>"; };
		9405D7331B0F6BD20053B9F5 /* Explosive.swift */ = {isa = PBXFileReference; fileEncoding = 4; lastKnownFileType = sourcecode.swift; path = Explosive.swift; sourceTree = "<group>"; };
		941047841AF5749000683E02 /* Puririn.swift */ = {isa = PBXFileReference; fileEncoding = 4; lastKnownFileType = sourcecode.swift; path = Puririn.swift; sourceTree = "<group>"; };
		94124E281AF68A8900894A3F /* fundo_level_cleared.png */ = {isa = PBXFileReference; lastKnownFileType = image.png; path = fundo_level_cleared.png; sourceTree = "<group>"; };
		941F0A631AF5F8D9006B13EC /* Ball.swift */ = {isa = PBXFileReference; fileEncoding = 4; lastKnownFileType = sourcecode.swift; path = Ball.swift; sourceTree = "<group>"; };
		941F0A651AF61BD7006B13EC /* qualquerCoisa.plist */ = {isa = PBXFileReference; fileEncoding = 4; lastKnownFileType = text.plist.xml; path = qualquerCoisa.plist; sourceTree = "<group>"; };
		94584CCD1B0F680100746BF8 /* Splash.sks */ = {isa = PBXFileReference; lastKnownFileType = file.sks; path = Splash.sks; sourceTree = "<group>"; };
		94C2236E1AF5BF610083873C /* Vortex.swift */ = {isa = PBXFileReference; fileEncoding = 4; lastKnownFileType = sourcecode.swift; path = Vortex.swift; sourceTree = "<group>"; };
		94C223701AF5C9D30083873C /* CleanPuririn.swift */ = {isa = PBXFileReference; fileEncoding = 4; lastKnownFileType = sourcecode.swift; path = CleanPuririn.swift; sourceTree = "<group>"; };
		94C223721AF5DDDA0083873C /* Star.swift */ = {isa = PBXFileReference; fileEncoding = 4; lastKnownFileType = sourcecode.swift; path = Star.swift; sourceTree = "<group>"; };
		94C223741AF5E6FD0083873C /* completeWindow.swift */ = {isa = PBXFileReference; fileEncoding = 4; lastKnownFileType = sourcecode.swift; path = completeWindow.swift; sourceTree = "<group>"; };
		94D93DFA1B0F63F100BB0CC4 /* Explosion.sks */ = {isa = PBXFileReference; lastKnownFileType = file.sks; path = Explosion.sks; sourceTree = "<group>"; };
		94FB5C2F1AF586AD000B99F9 /* spark.png */ = {isa = PBXFileReference; lastKnownFileType = image.png; path = spark.png; sourceTree = "<group>"; };
		94FB5C321AF58D33000B99F9 /* puririn.png */ = {isa = PBXFileReference; lastKnownFileType = image.png; path = puririn.png; sourceTree = "<group>"; };
		94FB5C341AF5AC8B000B99F9 /* LevelSelector.swift */ = {isa = PBXFileReference; fileEncoding = 4; lastKnownFileType = sourcecode.swift; path = LevelSelector.swift; sourceTree = "<group>"; };
		94FB5C361AF5AFF1000B99F9 /* LevelMatrixes.swift */ = {isa = PBXFileReference; fileEncoding = 4; lastKnownFileType = sourcecode.swift; path = LevelMatrixes.swift; sourceTree = "<group>"; };
/* End PBXFileReference section */

/* Begin PBXFrameworksBuildPhase section */
		516EF9111AF56B1D00A356CE /* Frameworks */ = {
			isa = PBXFrameworksBuildPhase;
			buildActionMask = 2147483647;
			files = (
			);
			runOnlyForDeploymentPostprocessing = 0;
		};
		516EF92A1AF56B1D00A356CE /* Frameworks */ = {
			isa = PBXFrameworksBuildPhase;
			buildActionMask = 2147483647;
			files = (
			);
			runOnlyForDeploymentPostprocessing = 0;
		};
/* End PBXFrameworksBuildPhase section */

/* Begin PBXGroup section */
		516EF90B1AF56B1D00A356CE = {
			isa = PBXGroup;
			children = (
				516EF9161AF56B1D00A356CE /* Puririn */,
				516EF9301AF56B1D00A356CE /* PuririnTests */,
				516EF9151AF56B1D00A356CE /* Products */,
			);
			sourceTree = "<group>";
		};
		516EF9151AF56B1D00A356CE /* Products */ = {
			isa = PBXGroup;
			children = (
				516EF9141AF56B1D00A356CE /* Puririn.app */,
				516EF92D1AF56B1D00A356CE /* PuririnTests.xctest */,
			);
			name = Products;
			sourceTree = "<group>";
		};
		516EF9161AF56B1D00A356CE /* Puririn */ = {
			isa = PBXGroup;
			children = (
				51DD09E61AF65ADC00FE4DD7 /* Sounds */,
				941F0A651AF61BD7006B13EC /* qualquerCoisa.plist */,
				513994C41B10D96F003C408C /* novaLista.plist */,
				94FB5C211AF57DC7000B99F9 /* Particles */,
				94FB5C201AF57DBB000B99F9 /* Images */,
				516EF9191AF56B1D00A356CE /* AppDelegate.swift */,
				516EF91F1AF56B1D00A356CE /* GameViewController.swift */,
				941047831AF5746500683E02 /* Controller */,
				941047821AF5746100683E02 /* View */,
				941047811AF5745A00683E02 /* Model */,
				516EF9211AF56B1D00A356CE /* Main.storyboard */,
				516EF9241AF56B1D00A356CE /* Images.xcassets */,
				516EF9261AF56B1D00A356CE /* LaunchScreen.xib */,
				516EF9171AF56B1D00A356CE /* Supporting Files */,
			);
			path = Puririn;
			sourceTree = "<group>";
		};
		516EF9171AF56B1D00A356CE /* Supporting Files */ = {
			isa = PBXGroup;
			children = (
				516EF9181AF56B1D00A356CE /* Info.plist */,
			);
			name = "Supporting Files";
			sourceTree = "<group>";
		};
		516EF9301AF56B1D00A356CE /* PuririnTests */ = {
			isa = PBXGroup;
			children = (
				516EF9331AF56B1D00A356CE /* PuririnTests.swift */,
				516EF9311AF56B1D00A356CE /* Supporting Files */,
			);
			path = PuririnTests;
			sourceTree = "<group>";
		};
		516EF9311AF56B1D00A356CE /* Supporting Files */ = {
			isa = PBXGroup;
			children = (
				516EF9321AF56B1D00A356CE /* Info.plist */,
			);
			name = "Supporting Files";
			sourceTree = "<group>";
		};
		51C926231AF6C8E700196318 /* Assets */ = {
			isa = PBXGroup;
			children = (
				51A8E9161B16061A001F24DC /* RateButton.png */,
				513994D81B10FFF7003C408C /* Credits.png */,
				513994C61B10E2EC003C408C /* NoMusicButton.png */,
				513994C71B10E2EC003C408C /* NoAudioButton.png */,
				513994C81B10E2EC003C408C /* MusicButton.png */,
				513994C91B10E2EC003C408C /* AudioButton.png */,
				513994CA1B10E2EC003C408C /* CreditButton.png */,
				513994CB1B10E2EC003C408C /* PlayButton.png */,
				513994C21B0FC0C9003C408C /* Anim2.png */,
				513994BA1B0FC06D003C408C /* Anim4.png */,
				513994BB1B0FC06D003C408C /* Anim3.png */,
				513994BD1B0FC06D003C408C /* Anim1.png */,
				513994AA1B0FB0D7003C408C /* Star.png */,
				513994A61B0F9214003C408C /* Radioactive.png */,
				51E0B63E1B0F7F34002BEF01 /* MAsteroid.png */,
				51E0B63C1B0F7DE8002BEF01 /* Asteroid.png */,
				51E0B6381B0F7C96002BEF01 /* Sattelite.png */,
				51E0B62E1B0F7935002BEF01 /* Window0.png */,
				51E0B62F1B0F7935002BEF01 /* Window1.png */,
				51E0B6301B0F7935002BEF01 /* Window2.png */,
				51E0B6311B0F7935002BEF01 /* Window3.png */,
				515B1B3E1B0E952400E55D0D /* InitBG.png */,
				51E36EFA1B0E2A8E0077ADB4 /* Star0.png */,
				51E36EFB1B0E2A8E0077ADB4 /* Star1.png */,
				51E36EFC1B0E2A8E0077ADB4 /* Star2.png */,
				51E36EF51B0E2A3B0077ADB4 /* Star3.png */,
				51D4F5031B0CC36E002D9B1B /* Wat.png */,
				513623221B0BD04100C37498 /* SelectGalaxy.png */,
				513623201B0BC67800C37498 /* Galaxy2.png */,
				5187D5DC1B08F83100827CE0 /* WallBG2.png */,
				5187D5DA1B08F62500827CE0 /* FrontBG3.png */,
				5187D5D21B08F5F100827CE0 /* BackBG3.png */,
				5187D5D41B08F5F100827CE0 /* FrontBG2.png */,
				5187D5D51B08F5F100827CE0 /* BackBG2.png */,
				5187D5D01B08F49C00827CE0 /* WallBG3.png */,
				510BB9EF1B06B9C9009D8585 /* LostGalaxy.png */,
				510BB9E91B06B93A009D8585 /* Space3.png */,
				510BB9EB1B06B93A009D8585 /* Galaxy3.png */,
				510BB9E11B06B1AD009D8585 /* Space2.png */,
				510BB9E31B06B1AD009D8585 /* Puronmedra.png */,
				510BB9DD1B06A92D009D8585 /* LoadImage.png */,
				510BB9DB1B069239009D8585 /* Window.png */,
				510BB9D71B068B8B009D8585 /* MilkyWay.png */,
				510BB9D51B064C67009D8585 /* Galaxy.png */,
				510BB9D11B064BB5009D8585 /* Space.png */,
				510BB9CD1B06478C009D8585 /* BallOk.png */,
				51361BD41B05130800630F5B /* NewWall.png */,
				51361BD01B05107C00630F5B /* NewGameScreen.png */,
				51361BCE1B0504D600630F5B /* WallBG.png */,
				5134AC9C1AFD3BBC00A957DF /* restart_button.png */,
				5134AC9D1AFD3BBC00A957DF /* back_button.png */,
				5134AC921AFD34B000A957DF /* BackBG.png */,
				5134AC901AFD335300A957DF /* FrontBG.png */,
				94124E281AF68A8900894A3F /* fundo_level_cleared.png */,
				5172079E1AF602C200702425 /* Vortex.png */,
				517207961AF5FE9E00702425 /* Barrier.png */,
				94FB5C321AF58D33000B99F9 /* puririn.png */,
			);
			name = Assets;
			sourceTree = "<group>";
		};
		51DD09E61AF65ADC00FE4DD7 /* Sounds */ = {
			isa = PBXGroup;
			children = (
				512DB5801B12A067001FBDDD /* Sattelite.mp3 */,
				512DB5811B12A067001FBDDD /* Star.wav */,
				512DB5821B12A067001FBDDD /* Restart.wav */,
				512DB5721B129472001FBDDD /* Explosion.mp3 */,
				512DB5731B129472001FBDDD /* Meteor.wav */,
				512DB5741B129472001FBDDD /* Vanish.aif */,
				51D4F5051B0CECA4002D9B1B /* PuririnTheme.mp3 */,
				514862D91AF6AE9100F77444 /* ok.aif */,
				514862CF1AF693AF00F77444 /* charge.wav */,
				51CD650D1AF69055009EA518 /* shot.wav */,
				51CD650B1AF68EB3009EA518 /* bounce.wav */,
				51DD09E71AF65B1A00FE4DD7 /* vortex.aiff */,
			);
			name = Sounds;
			sourceTree = "<group>";
		};
		941047811AF5745A00683E02 /* Model */ = {
			isa = PBXGroup;
			children = (
				94FB5C361AF5AFF1000B99F9 /* LevelMatrixes.swift */,
				517207A21AF603F900702425 /* UserLevel.swift */,
				51D4F5091B0D49D4002D9B1B /* Preload.swift */,
			);
			name = Model;
			sourceTree = "<group>";
		};
		941047821AF5746100683E02 /* View */ = {
			isa = PBXGroup;
			children = (
				941047841AF5749000683E02 /* Puririn.swift */,
				94C223701AF5C9D30083873C /* CleanPuririn.swift */,
				94C2236E1AF5BF610083873C /* Vortex.swift */,
				941F0A631AF5F8D9006B13EC /* Ball.swift */,
				9405D7331B0F6BD20053B9F5 /* Explosive.swift */,
				515B1B381B0E90C700E55D0D /* MovingObject.swift */,
				515B1B361B0E8EDA00E55D0D /* GhostObject.swift */,
				940023EA1B0EBF7E00922A77 /* MovableObject.swift */,
				94C223721AF5DDDA0083873C /* Star.swift */,
				94C223741AF5E6FD0083873C /* completeWindow.swift */,
			);
			name = View;
			sourceTree = "<group>";
		};
		941047831AF5746500683E02 /* Controller */ = {
			isa = PBXGroup;
			children = (
				94FB5C341AF5AC8B000B99F9 /* LevelSelector.swift */,
				516EF91D1AF56B1D00A356CE /* GameScene.swift */,
				516EF94B1AF5FA9500A356CE /* StartScreen.swift */,
				513994D61B10FA9E003C408C /* CreditsScene.swift */,
			);
			name = Controller;
			sourceTree = "<group>";
		};
		94FB5C201AF57DBB000B99F9 /* Images */ = {
			isa = PBXGroup;
			children = (
				51C926231AF6C8E700196318 /* Assets */,
			);
			name = Images;
			sourceTree = "<group>";
		};
		94FB5C211AF57DC7000B99F9 /* Particles */ = {
			isa = PBXGroup;
			children = (
				51C926201AF6BBAA00196318 /* Trail.sks */,
				94FB5C2F1AF586AD000B99F9 /* spark.png */,
				51E36F021B0E59620077ADB4 /* Star.sks */,
				94D93DFA1B0F63F100BB0CC4 /* Explosion.sks */,
				94584CCD1B0F680100746BF8 /* Splash.sks */,
			);
			name = Particles;
			sourceTree = "<group>";
		};
/* End PBXGroup section */

/* Begin PBXNativeTarget section */
		516EF9131AF56B1D00A356CE /* Puririn */ = {
			isa = PBXNativeTarget;
			buildConfigurationList = 516EF9371AF56B1D00A356CE /* Build configuration list for PBXNativeTarget "Puririn" */;
			buildPhases = (
				516EF9101AF56B1D00A356CE /* Sources */,
				516EF9111AF56B1D00A356CE /* Frameworks */,
				516EF9121AF56B1D00A356CE /* Resources */,
			);
			buildRules = (
			);
			dependencies = (
			);
			name = Puririn;
			productName = Puririn;
			productReference = 516EF9141AF56B1D00A356CE /* Puririn.app */;
			productType = "com.apple.product-type.application";
		};
		516EF92C1AF56B1D00A356CE /* PuririnTests */ = {
			isa = PBXNativeTarget;
			buildConfigurationList = 516EF93A1AF56B1D00A356CE /* Build configuration list for PBXNativeTarget "PuririnTests" */;
			buildPhases = (
				516EF9291AF56B1D00A356CE /* Sources */,
				516EF92A1AF56B1D00A356CE /* Frameworks */,
				516EF92B1AF56B1D00A356CE /* Resources */,
			);
			buildRules = (
			);
			dependencies = (
				516EF92F1AF56B1D00A356CE /* PBXTargetDependency */,
			);
			name = PuririnTests;
			productName = PuririnTests;
			productReference = 516EF92D1AF56B1D00A356CE /* PuririnTests.xctest */;
			productType = "com.apple.product-type.bundle.unit-test";
		};
/* End PBXNativeTarget section */

/* Begin PBXProject section */
		516EF90C1AF56B1D00A356CE /* Project object */ = {
			isa = PBXProject;
			attributes = {
				LastUpgradeCheck = 0630;
				ORGANIZATIONNAME = "Joao Nassar Galante Guedes";
				TargetAttributes = {
					516EF9131AF56B1D00A356CE = {
						CreatedOnToolsVersion = 6.3.1;
						DevelopmentTeam = N4F3C8PWS8;
					};
					516EF92C1AF56B1D00A356CE = {
						CreatedOnToolsVersion = 6.3.1;
						TestTargetID = 516EF9131AF56B1D00A356CE;
					};
				};
			};
			buildConfigurationList = 516EF90F1AF56B1D00A356CE /* Build configuration list for PBXProject "Puririn" */;
			compatibilityVersion = "Xcode 3.2";
			developmentRegion = English;
			hasScannedForEncodings = 0;
			knownRegions = (
				en,
				Base,
			);
			mainGroup = 516EF90B1AF56B1D00A356CE;
			productRefGroup = 516EF9151AF56B1D00A356CE /* Products */;
			projectDirPath = "";
			projectRoot = "";
			targets = (
				516EF9131AF56B1D00A356CE /* Puririn */,
				516EF92C1AF56B1D00A356CE /* PuririnTests */,
			);
		};
/* End PBXProject section */

/* Begin PBXResourcesBuildPhase section */
		516EF9121AF56B1D00A356CE /* Resources */ = {
			isa = PBXResourcesBuildPhase;
			buildActionMask = 2147483647;
			files = (
				5134AC911AFD335300A957DF /* FrontBG.png in Resources */,
				51E36EF91B0E2A3B0077ADB4 /* Star3.png in Resources */,
				512DB57A1B129472001FBDDD /* Vanish.aif in Resources */,
				51E0B63D1B0F7DE8002BEF01 /* Asteroid.png in Resources */,
				5187D5D61B08F5F100827CE0 /* BackBG3.png in Resources */,
				513994D91B10FFF7003C408C /* Credits.png in Resources */,
				51E0B6391B0F7C96002BEF01 /* Sattelite.png in Resources */,
				51D4F5041B0CC36E002D9B1B /* Wat.png in Resources */,
				510BB9DC1B069239009D8585 /* Window.png in Resources */,
				94D93DFB1B0F63F100BB0CC4 /* Explosion.sks in Resources */,
				513994D01B10E2EC003C408C /* CreditButton.png in Resources */,
				513994C51B10D96F003C408C /* novaLista.plist in Resources */,
				941F0A661AF61BD7006B13EC /* qualquerCoisa.plist in Resources */,
				5187D5DD1B08F83100827CE0 /* WallBG2.png in Resources */,
				510BB9D31B064BB5009D8585 /* Space.png in Resources */,
				512DB5791B129472001FBDDD /* Meteor.wav in Resources */,
				512DB5841B12A067001FBDDD /* Star.wav in Resources */,
				513994AB1B0FB0D7003C408C /* Star.png in Resources */,
				513623211B0BC67800C37498 /* Galaxy2.png in Resources */,
				51CD650E1AF69055009EA518 /* shot.wav in Resources */,
				513994CE1B10E2EC003C408C /* MusicButton.png in Resources */,
				515B1B3F1B0E952400E55D0D /* InitBG.png in Resources */,
				516EF9281AF56B1D00A356CE /* LaunchScreen.xib in Resources */,
				51DD09E81AF65B1A00FE4DD7 /* vortex.aiff in Resources */,
				51A8E9171B16061A001F24DC /* RateButton.png in Resources */,
				513994CC1B10E2EC003C408C /* NoMusicButton.png in Resources */,
				51361BD21B05107C00630F5B /* NewGameScreen.png in Resources */,
				513994BF1B0FC06D003C408C /* Anim3.png in Resources */,
				512DB5781B129472001FBDDD /* Explosion.mp3 in Resources */,
				5172079F1AF602C200702425 /* Vortex.png in Resources */,
				510BB9DE1B06A92D009D8585 /* LoadImage.png in Resources */,
				513994C11B0FC06D003C408C /* Anim1.png in Resources */,
				94FB5C311AF586AD000B99F9 /* spark.png in Resources */,
				513994CF1B10E2EC003C408C /* AudioButton.png in Resources */,
				510BB9CE1B06478C009D8585 /* BallOk.png in Resources */,
				94124E291AF68A8900894A3F /* fundo_level_cleared.png in Resources */,
				513994A71B0F9214003C408C /* Radioactive.png in Resources */,
				94FB5C331AF58D33000B99F9 /* puririn.png in Resources */,
				5134AC9E1AFD3BBC00A957DF /* restart_button.png in Resources */,
				510BB9E61B06B1AD009D8585 /* Puronmedra.png in Resources */,
				51C926211AF6BBAA00196318 /* Trail.sks in Resources */,
				51E36EFE1B0E2A8E0077ADB4 /* Star1.png in Resources */,
				514862DA1AF6AE9100F77444 /* ok.aif in Resources */,
				5134AC9F1AFD3BBC00A957DF /* back_button.png in Resources */,
				5187D5D91B08F5F100827CE0 /* BackBG2.png in Resources */,
				510BB9D61B064C67009D8585 /* Galaxy.png in Resources */,
				510BB9E41B06B1AD009D8585 /* Space2.png in Resources */,
				517207981AF5FE9E00702425 /* Barrier.png in Resources */,
				51E36EFD1B0E2A8E0077ADB4 /* Star0.png in Resources */,
				51E0B6331B0F7935002BEF01 /* Window1.png in Resources */,
				513994C31B0FC0C9003C408C /* Anim2.png in Resources */,
				5187D5DB1B08F62500827CE0 /* FrontBG3.png in Resources */,
				51E36F031B0E59620077ADB4 /* Star.sks in Resources */,
				51361BD51B05130800630F5B /* NewWall.png in Resources */,
				51CD650C1AF68EB3009EA518 /* bounce.wav in Resources */,
				512DB5851B12A067001FBDDD /* Restart.wav in Resources */,
				512DB5831B12A067001FBDDD /* Sattelite.mp3 in Resources */,
				513994BE1B0FC06D003C408C /* Anim4.png in Resources */,
				51E0B63F1B0F7F34002BEF01 /* MAsteroid.png in Resources */,
				5187D5D11B08F49C00827CE0 /* WallBG3.png in Resources */,
				510BB9EE1B06B93A009D8585 /* Galaxy3.png in Resources */,
				510BB9D81B068B8B009D8585 /* MilkyWay.png in Resources */,
				51D4F5061B0CECA4002D9B1B /* PuririnTheme.mp3 in Resources */,
				514862D01AF693AF00F77444 /* charge.wav in Resources */,
				51E36EFF1B0E2A8E0077ADB4 /* Star2.png in Resources */,
				510BB9F01B06B9C9009D8585 /* LostGalaxy.png in Resources */,
				5134AC931AFD34B000A957DF /* BackBG.png in Resources */,
				516EF9251AF56B1D00A356CE /* Images.xcassets in Resources */,
				513994CD1B10E2EC003C408C /* NoAudioButton.png in Resources */,
				513994D11B10E2EC003C408C /* PlayButton.png in Resources */,
				51E0B6351B0F7935002BEF01 /* Window3.png in Resources */,
				516EF9231AF56B1D00A356CE /* Main.storyboard in Resources */,
				51E0B6341B0F7935002BEF01 /* Window2.png in Resources */,
				5187D5D81B08F5F100827CE0 /* FrontBG2.png in Resources */,
				51361BCF1B0504D600630F5B /* WallBG.png in Resources */,
				94584CCE1B0F680100746BF8 /* Splash.sks in Resources */,
				51E0B6321B0F7935002BEF01 /* Window0.png in Resources */,
				510BB9EC1B06B93A009D8585 /* Space3.png in Resources */,
				513623231B0BD04100C37498 /* SelectGalaxy.png in Resources */,
			);
			runOnlyForDeploymentPostprocessing = 0;
		};
		516EF92B1AF56B1D00A356CE /* Resources */ = {
			isa = PBXResourcesBuildPhase;
			buildActionMask = 2147483647;
			files = (
			);
			runOnlyForDeploymentPostprocessing = 0;
		};
/* End PBXResourcesBuildPhase section */

/* Begin PBXSourcesBuildPhase section */
		516EF9101AF56B1D00A356CE /* Sources */ = {
			isa = PBXSourcesBuildPhase;
			buildActionMask = 2147483647;
			files = (
				941F0A641AF5F8D9006B13EC /* Ball.swift in Sources */,
				94C223731AF5DDDA0083873C /* Star.swift in Sources */,
				515B1B371B0E8EDA00E55D0D /* GhostObject.swift in Sources */,
				516EF91E1AF56B1D00A356CE /* GameScene.swift in Sources */,
				515B1B391B0E90C700E55D0D /* MovingObject.swift in Sources */,
				94C223751AF5E6FD0083873C /* completeWindow.swift in Sources */,
				94C223711AF5C9D30083873C /* CleanPuririn.swift in Sources */,
				517207A31AF603F900702425 /* UserLevel.swift in Sources */,
				941047851AF5749000683E02 /* Puririn.swift in Sources */,
				94FB5C351AF5AC8B000B99F9 /* LevelSelector.swift in Sources */,
				516EF94C1AF5FA9500A356CE /* StartScreen.swift in Sources */,
				940023EB1B0EBF7E00922A77 /* MovableObject.swift in Sources */,
				94FB5C371AF5AFF1000B99F9 /* LevelMatrixes.swift in Sources */,
				516EF9201AF56B1D00A356CE /* GameViewController.swift in Sources */,
				94C2236F1AF5BF610083873C /* Vortex.swift in Sources */,
				9405D7341B0F6BD20053B9F5 /* Explosive.swift in Sources */,
				513994D71B10FA9E003C408C /* CreditsScene.swift in Sources */,
				516EF91A1AF56B1D00A356CE /* AppDelegate.swift in Sources */,
				51D4F50A1B0D49D4002D9B1B /* Preload.swift in Sources */,
			);
			runOnlyForDeploymentPostprocessing = 0;
		};
		516EF9291AF56B1D00A356CE /* Sources */ = {
			isa = PBXSourcesBuildPhase;
			buildActionMask = 2147483647;
			files = (
				516EF9341AF56B1D00A356CE /* PuririnTests.swift in Sources */,
			);
			runOnlyForDeploymentPostprocessing = 0;
		};
/* End PBXSourcesBuildPhase section */

/* Begin PBXTargetDependency section */
		516EF92F1AF56B1D00A356CE /* PBXTargetDependency */ = {
			isa = PBXTargetDependency;
			target = 516EF9131AF56B1D00A356CE /* Puririn */;
			targetProxy = 516EF92E1AF56B1D00A356CE /* PBXContainerItemProxy */;
		};
/* End PBXTargetDependency section */

/* Begin PBXVariantGroup section */
		516EF9211AF56B1D00A356CE /* Main.storyboard */ = {
			isa = PBXVariantGroup;
			children = (
				516EF9221AF56B1D00A356CE /* Base */,
			);
			name = Main.storyboard;
			sourceTree = "<group>";
		};
		516EF9261AF56B1D00A356CE /* LaunchScreen.xib */ = {
			isa = PBXVariantGroup;
			children = (
				516EF9271AF56B1D00A356CE /* Base */,
			);
			name = LaunchScreen.xib;
			sourceTree = "<group>";
		};
/* End PBXVariantGroup section */

/* Begin XCBuildConfiguration section */
		516EF9351AF56B1D00A356CE /* Debug */ = {
			isa = XCBuildConfiguration;
			buildSettings = {
				ALWAYS_SEARCH_USER_PATHS = NO;
				CLANG_CXX_LANGUAGE_STANDARD = "gnu++0x";
				CLANG_CXX_LIBRARY = "libc++";
				CLANG_ENABLE_MODULES = YES;
				CLANG_ENABLE_OBJC_ARC = YES;
				CLANG_WARN_BOOL_CONVERSION = YES;
				CLANG_WARN_CONSTANT_CONVERSION = YES;
				CLANG_WARN_DIRECT_OBJC_ISA_USAGE = YES_ERROR;
				CLANG_WARN_EMPTY_BODY = YES;
				CLANG_WARN_ENUM_CONVERSION = YES;
				CLANG_WARN_INT_CONVERSION = YES;
				CLANG_WARN_OBJC_ROOT_CLASS = YES_ERROR;
				CLANG_WARN_UNREACHABLE_CODE = YES;
				CLANG_WARN__DUPLICATE_METHOD_MATCH = YES;
				"CODE_SIGN_IDENTITY[sdk=iphoneos*]" = "iPhone Developer";
				COPY_PHASE_STRIP = NO;
				DEBUG_INFORMATION_FORMAT = "dwarf-with-dsym";
				ENABLE_STRICT_OBJC_MSGSEND = YES;
				GCC_C_LANGUAGE_STANDARD = gnu99;
				GCC_DYNAMIC_NO_PIC = NO;
				GCC_NO_COMMON_BLOCKS = YES;
				GCC_OPTIMIZATION_LEVEL = 0;
				GCC_PREPROCESSOR_DEFINITIONS = (
					"DEBUG=1",
					"$(inherited)",
				);
				GCC_SYMBOLS_PRIVATE_EXTERN = NO;
				GCC_WARN_64_TO_32_BIT_CONVERSION = YES;
				GCC_WARN_ABOUT_RETURN_TYPE = YES_ERROR;
				GCC_WARN_UNDECLARED_SELECTOR = YES;
				GCC_WARN_UNINITIALIZED_AUTOS = YES_AGGRESSIVE;
				GCC_WARN_UNUSED_FUNCTION = YES;
				GCC_WARN_UNUSED_VARIABLE = YES;
				IPHONEOS_DEPLOYMENT_TARGET = 8.3;
				MTL_ENABLE_DEBUG_INFO = YES;
				ONLY_ACTIVE_ARCH = YES;
				SDKROOT = iphoneos;
				SWIFT_OPTIMIZATION_LEVEL = "-Onone";
				TARGETED_DEVICE_FAMILY = "1,2";
			};
			name = Debug;
		};
		516EF9361AF56B1D00A356CE /* Release */ = {
			isa = XCBuildConfiguration;
			buildSettings = {
				ALWAYS_SEARCH_USER_PATHS = NO;
				CLANG_CXX_LANGUAGE_STANDARD = "gnu++0x";
				CLANG_CXX_LIBRARY = "libc++";
				CLANG_ENABLE_MODULES = YES;
				CLANG_ENABLE_OBJC_ARC = YES;
				CLANG_WARN_BOOL_CONVERSION = YES;
				CLANG_WARN_CONSTANT_CONVERSION = YES;
				CLANG_WARN_DIRECT_OBJC_ISA_USAGE = YES_ERROR;
				CLANG_WARN_EMPTY_BODY = YES;
				CLANG_WARN_ENUM_CONVERSION = YES;
				CLANG_WARN_INT_CONVERSION = YES;
				CLANG_WARN_OBJC_ROOT_CLASS = YES_ERROR;
				CLANG_WARN_UNREACHABLE_CODE = YES;
				CLANG_WARN__DUPLICATE_METHOD_MATCH = YES;
				"CODE_SIGN_IDENTITY[sdk=iphoneos*]" = "iPhone Developer";
				COPY_PHASE_STRIP = NO;
				DEBUG_INFORMATION_FORMAT = "dwarf-with-dsym";
				ENABLE_NS_ASSERTIONS = NO;
				ENABLE_STRICT_OBJC_MSGSEND = YES;
				GCC_C_LANGUAGE_STANDARD = gnu99;
				GCC_NO_COMMON_BLOCKS = YES;
				GCC_WARN_64_TO_32_BIT_CONVERSION = YES;
				GCC_WARN_ABOUT_RETURN_TYPE = YES_ERROR;
				GCC_WARN_UNDECLARED_SELECTOR = YES;
				GCC_WARN_UNINITIALIZED_AUTOS = YES_AGGRESSIVE;
				GCC_WARN_UNUSED_FUNCTION = YES;
				GCC_WARN_UNUSED_VARIABLE = YES;
				IPHONEOS_DEPLOYMENT_TARGET = 8.3;
				MTL_ENABLE_DEBUG_INFO = NO;
				SDKROOT = iphoneos;
				TARGETED_DEVICE_FAMILY = "1,2";
				VALIDATE_PRODUCT = YES;
			};
			name = Release;
		};
		516EF9381AF56B1D00A356CE /* Debug */ = {
			isa = XCBuildConfiguration;
			buildSettings = {
				ASSETCATALOG_COMPILER_APPICON_NAME = AppIcon;
				ASSETCATALOG_COMPILER_LAUNCHIMAGE_NAME = "";
				CODE_SIGN_IDENTITY = "iPhone Developer";
				INFOPLIST_FILE = Puririn/Info.plist;
				IPHONEOS_DEPLOYMENT_TARGET = 8.0;
				LD_RUNPATH_SEARCH_PATHS = "$(inherited) @executable_path/Frameworks";
				PRODUCT_NAME = "$(TARGET_NAME)";
				TARGETED_DEVICE_FAMILY = "1,2";
			};
			name = Debug;
		};
		516EF9391AF56B1D00A356CE /* Release */ = {
			isa = XCBuildConfiguration;
			buildSettings = {
				ASSETCATALOG_COMPILER_APPICON_NAME = AppIcon;
				ASSETCATALOG_COMPILER_LAUNCHIMAGE_NAME = "";
				CODE_SIGN_IDENTITY = "iPhone Developer";
				INFOPLIST_FILE = Puririn/Info.plist;
				IPHONEOS_DEPLOYMENT_TARGET = 8.0;
				LD_RUNPATH_SEARCH_PATHS = "$(inherited) @executable_path/Frameworks";
				PRODUCT_NAME = "$(TARGET_NAME)";
				TARGETED_DEVICE_FAMILY = "1,2";
			};
			name = Release;
		};
		516EF93B1AF56B1D00A356CE /* Debug */ = {
			isa = XCBuildConfiguration;
			buildSettings = {
				BUNDLE_LOADER = "$(TEST_HOST)";
				FRAMEWORK_SEARCH_PATHS = (
					"$(SDKROOT)/Developer/Library/Frameworks",
					"$(inherited)",
				);
				GCC_PREPROCESSOR_DEFINITIONS = (
					"DEBUG=1",
					"$(inherited)",
				);
				INFOPLIST_FILE = PuririnTests/Info.plist;
				LD_RUNPATH_SEARCH_PATHS = "$(inherited) @executable_path/Frameworks @loader_path/Frameworks";
				PRODUCT_NAME = "$(TARGET_NAME)";
				TEST_HOST = "$(BUILT_PRODUCTS_DIR)/Puririn.app/Puririn";
			};
			name = Debug;
		};
		516EF93C1AF56B1D00A356CE /* Release */ = {
			isa = XCBuildConfiguration;
			buildSettings = {
				BUNDLE_LOADER = "$(TEST_HOST)";
				FRAMEWORK_SEARCH_PATHS = (
					"$(SDKROOT)/Developer/Library/Frameworks",
					"$(inherited)",
				);
				INFOPLIST_FILE = PuririnTests/Info.plist;
				LD_RUNPATH_SEARCH_PATHS = "$(inherited) @executable_path/Frameworks @loader_path/Frameworks";
				PRODUCT_NAME = "$(TARGET_NAME)";
				TEST_HOST = "$(BUILT_PRODUCTS_DIR)/Puririn.app/Puririn";
			};
			name = Release;
		};
/* End XCBuildConfiguration section */

/* Begin XCConfigurationList section */
		516EF90F1AF56B1D00A356CE /* Build configuration list for PBXProject "Puririn" */ = {
			isa = XCConfigurationList;
			buildConfigurations = (
				516EF9351AF56B1D00A356CE /* Debug */,
				516EF9361AF56B1D00A356CE /* Release */,
			);
			defaultConfigurationIsVisible = 0;
			defaultConfigurationName = Release;
		};
		516EF9371AF56B1D00A356CE /* Build configuration list for PBXNativeTarget "Puririn" */ = {
			isa = XCConfigurationList;
			buildConfigurations = (
				516EF9381AF56B1D00A356CE /* Debug */,
				516EF9391AF56B1D00A356CE /* Release */,
			);
			defaultConfigurationIsVisible = 0;
			defaultConfigurationName = Release;
		};
		516EF93A1AF56B1D00A356CE /* Build configuration list for PBXNativeTarget "PuririnTests" */ = {
			isa = XCConfigurationList;
			buildConfigurations = (
				516EF93B1AF56B1D00A356CE /* Debug */,
				516EF93C1AF56B1D00A356CE /* Release */,
			);
			defaultConfigurationIsVisible = 0;
			defaultConfigurationName = Release;
		};
/* End XCConfigurationList section */
	};
	rootObject = 516EF90C1AF56B1D00A356CE /* Project object */;
}
